{
  "object": {
    "pins": [
      {
        "package": "Requester",
        "repositoryURL": "https://github.com/ILYA2606/Requester",
        "state": {
          "branch": null,
          "revision": "93e8578e4959faa4ec18cd651a5659d77737eb3d",
          "version": "1.0.5"
        }
      }
    ]
  },
  "version": 1
}
